// !$*UTF8*$!
{
	archiveVersion = 1;
	classes = {
	};
	objectVersion = 46;
	objects = {

/* Begin PBXBuildFile section */
		231F79301D5254E6004B93D1 /* VectorField.cpp in Sources */ = {isa = PBXBuildFile; fileRef = 231F792E1D5254E6004B93D1 /* VectorField.cpp */; };
		3347EC082A786BC3C71B8914 /* ofxPanel.cpp in Sources */ = {isa = PBXBuildFile; fileRef = F40A14631BC79D16BFBAF7A7 /* ofxPanel.cpp */; };
		3A96CFBECE8DC2A1CDF660B6 /* ofxSlider.cpp in Sources */ = {isa = PBXBuildFile; fileRef = 6203E677A9BADD0136CCEC50 /* ofxSlider.cpp */; };
		449B744306EB1D42504EB312 /* flags.c in Sources */ = {isa = PBXBuildFile; fileRef = 57173E5CB92259758F175E50 /* flags.c */; };
		45C57283EFB0E2C1A37DC6FB /* audio.c in Sources */ = {isa = PBXBuildFile; fileRef = 1A0D89BCA6A3435B6A7F96B8 /* audio.c */; };
		4C9BF2194C7058666267F94B /* ofxButton.cpp in Sources */ = {isa = PBXBuildFile; fileRef = 26AACE7F779DC2F1FDED3F5C /* ofxButton.cpp */; };
		5EA8E029A1166361B9A9F500 /* ofxXmlSettings.cpp in Sources */ = {isa = PBXBuildFile; fileRef = CC367E6DFC0BF155304405F8 /* ofxXmlSettings.cpp */; };
		63808CCE28DB27D4E4DAF608 /* ofxGuiGroup.cpp in Sources */ = {isa = PBXBuildFile; fileRef = 90D2386F67C5E2CFE7D7C9C6 /* ofxGuiGroup.cpp */; };
		674EFCF99F87F5164B3AAB7D /* tilt.c in Sources */ = {isa = PBXBuildFile; fileRef = 3E046151F88F8F0971C65CCF /* tilt.c */; };
		6D834AEBEE5C9BA1052C1D0A /* keep_alive.c in Sources */ = {isa = PBXBuildFile; fileRef = 0A381023623A63B3B394F488 /* keep_alive.c */; };
		759B42FD22B9E392E86B79AE /* ofxKinectExtras.cpp in Sources */ = {isa = PBXBuildFile; fileRef = CC126A92E5EB91BA2777F87A /* ofxKinectExtras.cpp */; };
		81A93CFC3B78938B49F8FCDD /* ofxLabel.cpp in Sources */ = {isa = PBXBuildFile; fileRef = D0B78B5116BB81344377FA78 /* ofxLabel.cpp */; };
		8C0EF5F8A32CC53BBD85E849 /* ofxKinect.cpp in Sources */ = {isa = PBXBuildFile; fileRef = F21012E9FAB0A275BF9918D9 /* ofxKinect.cpp */; };
		A3BD760AC4DC3A47B58EE657 /* tinyxml.cpp in Sources */ = {isa = PBXBuildFile; fileRef = 51839E9A3E1C89965EE1BA0D /* tinyxml.cpp */; };
		A3F036A44691D8F76DFAD166 /* loader.c in Sources */ = {isa = PBXBuildFile; fileRef = C18B754311690AC8B880D19E /* loader.c */; };
		A9CFB4666858C8FB356A0951 /* registration.c in Sources */ = {isa = PBXBuildFile; fileRef = 6EC05C985757DBB530108A40 /* registration.c */; };
		AFA21A9692F51ECA84818F23 /* tinyxmlparser.cpp in Sources */ = {isa = PBXBuildFile; fileRef = 042E7BAEFE245533B5D2DF5D /* tinyxmlparser.cpp */; };
		E1F5F00119C8BAC89AB67F2E /* ofxBaseGui.cpp in Sources */ = {isa = PBXBuildFile; fileRef = B89DB0E3967911E48302DB2C /* ofxBaseGui.cpp */; };
		E4328149138ABC9F0047C5CB /* openFrameworksDebug.a in Frameworks */ = {isa = PBXBuildFile; fileRef = E4328148138ABC890047C5CB /* openFrameworksDebug.a */; };
		E4B69E200A3A1BDC003C02F2 /* main.cpp in Sources */ = {isa = PBXBuildFile; fileRef = E4B69E1D0A3A1BDC003C02F2 /* main.cpp */; };
		E4B69E210A3A1BDC003C02F2 /* ofApp.cpp in Sources */ = {isa = PBXBuildFile; fileRef = E4B69E1E0A3A1BDC003C02F2 /* ofApp.cpp */; };
		E7EB86A28F88C0F4CD09934C /* cameras.c in Sources */ = {isa = PBXBuildFile; fileRef = BCA4BE6BBE4389E0D053A560 /* cameras.c */; };
		F29DF2EA319A030E35662DBC /* ofxSliderGroup.cpp in Sources */ = {isa = PBXBuildFile; fileRef = BE2A0803DA932BE7AA70BCA9 /* ofxSliderGroup.cpp */; };
		F4D768F7BF693220C54034A2 /* core.c in Sources */ = {isa = PBXBuildFile; fileRef = DD79748080861AD6595299BD /* core.c */; };
		FA37313B246069ABD1092BAF /* ofxToggle.cpp in Sources */ = {isa = PBXBuildFile; fileRef = A717F4C21F35EDC6C386C6C2 /* ofxToggle.cpp */; };
		FC8B11FF5A4E78A948807D80 /* usb_libusb10.c in Sources */ = {isa = PBXBuildFile; fileRef = 05EF8A34D5CC109984D6DAD1 /* usb_libusb10.c */; };
		FFD0C090E54929C77E78A0BB /* tinyxmlerror.cpp in Sources */ = {isa = PBXBuildFile; fileRef = 1121C174CFF5FABA6A83D89C /* tinyxmlerror.cpp */; };
/* End PBXBuildFile section */

/* Begin PBXContainerItemProxy section */
		E4328147138ABC890047C5CB /* PBXContainerItemProxy */ = {
			isa = PBXContainerItemProxy;
			containerPortal = E4328143138ABC890047C5CB /* openFrameworksLib.xcodeproj */;
			proxyType = 2;
			remoteGlobalIDString = E4B27C1510CBEB8E00536013;
			remoteInfo = openFrameworks;
		};
		E4EEB9AB138B136A00A80321 /* PBXContainerItemProxy */ = {
			isa = PBXContainerItemProxy;
			containerPortal = E4328143138ABC890047C5CB /* openFrameworksLib.xcodeproj */;
			proxyType = 1;
			remoteGlobalIDString = E4B27C1410CBEB8E00536013;
			remoteInfo = openFrameworks;
		};
/* End PBXContainerItemProxy section */

/* Begin PBXCopyFilesBuildPhase section */
		E4C2427710CC5ABF004149E2 /* CopyFiles */ = {
			isa = PBXCopyFilesBuildPhase;
			buildActionMask = 2147483647;
			dstPath = "";
			dstSubfolderSpec = 10;
			files = (
			);
			runOnlyForDeploymentPostprocessing = 0;
		};
/* End PBXCopyFilesBuildPhase section */

/* Begin PBXFileReference section */
		042E7BAEFE245533B5D2DF5D /* tinyxmlparser.cpp */ = {isa = PBXFileReference; explicitFileType = sourcecode.cpp.cpp; fileEncoding = 30; name = tinyxmlparser.cpp; path = ../../../../../SDKs/OpenFrameworks/of_v0.9.3_osx_release/addons/ofxXmlSettings/libs/tinyxmlparser.cpp; sourceTree = SOURCE_ROOT; };
		05E69975E22624C90C267AC0 /* flags.h */ = {isa = PBXFileReference; explicitFileType = sourcecode.c.h; fileEncoding = 30; name = flags.h; path = ../../../../../SDKs/OpenFrameworks/of_v0.9.3_osx_release/addons/ofxKinect/libs/libfreenect/src/flags.h; sourceTree = SOURCE_ROOT; };
		05EF8A34D5CC109984D6DAD1 /* usb_libusb10.c */ = {isa = PBXFileReference; explicitFileType = sourcecode.c.c; fileEncoding = 30; name = usb_libusb10.c; path = ../../../../../SDKs/OpenFrameworks/of_v0.9.3_osx_release/addons/ofxKinect/libs/libfreenect/src/usb_libusb10.c; sourceTree = SOURCE_ROOT; };
		0A381023623A63B3B394F488 /* keep_alive.c */ = {isa = PBXFileReference; explicitFileType = sourcecode.c.c; fileEncoding = 30; name = keep_alive.c; path = ../../../../../SDKs/OpenFrameworks/of_v0.9.3_osx_release/addons/ofxKinect/libs/libfreenect/src/keep_alive.c; sourceTree = SOURCE_ROOT; };
		1121C174CFF5FABA6A83D89C /* tinyxmlerror.cpp */ = {isa = PBXFileReference; explicitFileType = sourcecode.cpp.cpp; fileEncoding = 30; name = tinyxmlerror.cpp; path = ../../../../../SDKs/OpenFrameworks/of_v0.9.3_osx_release/addons/ofxXmlSettings/libs/tinyxmlerror.cpp; sourceTree = SOURCE_ROOT; };
		1268DE05FD903464EEB90767 /* ofxKinect.h */ = {isa = PBXFileReference; explicitFileType = sourcecode.c.h; fileEncoding = 30; name = ofxKinect.h; path = ../../../../../SDKs/OpenFrameworks/of_v0.9.3_osx_release/addons/ofxKinect/src/ofxKinect.h; sourceTree = SOURCE_ROOT; };
		19D6ADA444C04CB9BF046B33 /* ofxBase3DVideo.h */ = {isa = PBXFileReference; explicitFileType = sourcecode.c.h; fileEncoding = 30; name = ofxBase3DVideo.h; path = ../../../../../SDKs/OpenFrameworks/of_v0.9.3_osx_release/addons/ofxKinect/src/ofxBase3DVideo.h; sourceTree = SOURCE_ROOT; };
		1A0D89BCA6A3435B6A7F96B8 /* audio.c */ = {isa = PBXFileReference; explicitFileType = sourcecode.c.c; fileEncoding = 30; name = audio.c; path = ../../../../../SDKs/OpenFrameworks/of_v0.9.3_osx_release/addons/ofxKinect/libs/libfreenect/src/audio.c; sourceTree = SOURCE_ROOT; };
		1EE0F4116C038508386F6D56 /* ofxSlider.h */ = {isa = PBXFileReference; explicitFileType = sourcecode.c.h; fileEncoding = 30; name = ofxSlider.h; path = ../../../../../SDKs/OpenFrameworks/of_v0.9.3_osx_release/addons/ofxGui/src/ofxSlider.h; sourceTree = SOURCE_ROOT; };
		231F792E1D5254E6004B93D1 /* VectorField.cpp */ = {isa = PBXFileReference; fileEncoding = 4; lastKnownFileType = sourcecode.cpp.cpp; path = VectorField.cpp; sourceTree = "<group>"; };
		231F792F1D5254E6004B93D1 /* VectorField.h */ = {isa = PBXFileReference; fileEncoding = 4; lastKnownFileType = sourcecode.c.h; path = VectorField.h; sourceTree = "<group>"; };
		235728FD27C60A6843259368 /* ofxKinectExtras.h */ = {isa = PBXFileReference; explicitFileType = sourcecode.c.h; fileEncoding = 30; name = ofxKinectExtras.h; path = ../../../../../SDKs/OpenFrameworks/of_v0.9.3_osx_release/addons/ofxKinect/src/extra/ofxKinectExtras.h; sourceTree = SOURCE_ROOT; };
		26AACE7F779DC2F1FDED3F5C /* ofxButton.cpp */ = {isa = PBXFileReference; explicitFileType = sourcecode.cpp.cpp; fileEncoding = 30; name = ofxButton.cpp; path = ../../../../../SDKs/OpenFrameworks/of_v0.9.3_osx_release/addons/ofxGui/src/ofxButton.cpp; sourceTree = SOURCE_ROOT; };
		29E820FB6C778EFBB3CAEBD2 /* ofxButton.h */ = {isa = PBXFileReference; explicitFileType = sourcecode.c.h; fileEncoding = 30; name = ofxButton.h; path = ../../../../../SDKs/OpenFrameworks/of_v0.9.3_osx_release/addons/ofxGui/src/ofxButton.h; sourceTree = SOURCE_ROOT; };
		3E046151F88F8F0971C65CCF /* tilt.c */ = {isa = PBXFileReference; explicitFileType = sourcecode.c.c; fileEncoding = 30; name = tilt.c; path = ../../../../../SDKs/OpenFrameworks/of_v0.9.3_osx_release/addons/ofxKinect/libs/libfreenect/src/tilt.c; sourceTree = SOURCE_ROOT; };
		51839E9A3E1C89965EE1BA0D /* tinyxml.cpp */ = {isa = PBXFileReference; explicitFileType = sourcecode.cpp.cpp; fileEncoding = 30; name = tinyxml.cpp; path = ../../../../../SDKs/OpenFrameworks/of_v0.9.3_osx_release/addons/ofxXmlSettings/libs/tinyxml.cpp; sourceTree = SOURCE_ROOT; };
		57173E5CB92259758F175E50 /* flags.c */ = {isa = PBXFileReference; explicitFileType = sourcecode.c.c; fileEncoding = 30; name = flags.c; path = ../../../../../SDKs/OpenFrameworks/of_v0.9.3_osx_release/addons/ofxKinect/libs/libfreenect/src/flags.c; sourceTree = SOURCE_ROOT; };
		616CFAF3E4B9338D7863DFBF /* tinyxml.h */ = {isa = PBXFileReference; explicitFileType = sourcecode.c.h; fileEncoding = 30; name = tinyxml.h; path = ../../../../../SDKs/OpenFrameworks/of_v0.9.3_osx_release/addons/ofxXmlSettings/libs/tinyxml.h; sourceTree = SOURCE_ROOT; };
		6203E677A9BADD0136CCEC50 /* ofxSlider.cpp */ = {isa = PBXFileReference; explicitFileType = sourcecode.cpp.cpp; fileEncoding = 30; name = ofxSlider.cpp; path = ../../../../../SDKs/OpenFrameworks/of_v0.9.3_osx_release/addons/ofxGui/src/ofxSlider.cpp; sourceTree = SOURCE_ROOT; };
		6EC05C985757DBB530108A40 /* registration.c */ = {isa = PBXFileReference; explicitFileType = sourcecode.c.c; fileEncoding = 30; name = registration.c; path = ../../../../../SDKs/OpenFrameworks/of_v0.9.3_osx_release/addons/ofxKinect/libs/libfreenect/src/registration.c; sourceTree = SOURCE_ROOT; };
		7FD804161D5EB0C064543587 /* libusb.h */ = {isa = PBXFileReference; explicitFileType = sourcecode.c.h; fileEncoding = 30; name = libusb.h; path = "../../../../../SDKs/OpenFrameworks/of_v0.9.3_osx_release/addons/ofxKinect/libs/libusb-1.0/include/libusb-1.0/libusb.h"; sourceTree = SOURCE_ROOT; };
		8431C2859BE354454EE99434 /* libfreenect.h */ = {isa = PBXFileReference; explicitFileType = sourcecode.c.h; fileEncoding = 30; name = libfreenect.h; path = ../../../../../SDKs/OpenFrameworks/of_v0.9.3_osx_release/addons/ofxKinect/libs/libfreenect/include/libfreenect.h; sourceTree = SOURCE_ROOT; };
		851939EFDB6FA310E900783B /* loader.h */ = {isa = PBXFileReference; explicitFileType = sourcecode.c.h; fileEncoding = 30; name = loader.h; path = ../../../../../SDKs/OpenFrameworks/of_v0.9.3_osx_release/addons/ofxKinect/libs/libfreenect/src/loader.h; sourceTree = SOURCE_ROOT; };
		90D2386F67C5E2CFE7D7C9C6 /* ofxGuiGroup.cpp */ = {isa = PBXFileReference; explicitFileType = sourcecode.cpp.cpp; fileEncoding = 30; name = ofxGuiGroup.cpp; path = ../../../../../SDKs/OpenFrameworks/of_v0.9.3_osx_release/addons/ofxGui/src/ofxGuiGroup.cpp; sourceTree = SOURCE_ROOT; };
		93F3A3BA8E4BD584C000C979 /* keep_alive.h */ = {isa = PBXFileReference; explicitFileType = sourcecode.c.h; fileEncoding = 30; name = keep_alive.h; path = ../../../../../SDKs/OpenFrameworks/of_v0.9.3_osx_release/addons/ofxKinect/libs/libfreenect/src/keep_alive.h; sourceTree = SOURCE_ROOT; };
		A2944CDD4D8F16A9471EC592 /* ofxToggle.h */ = {isa = PBXFileReference; explicitFileType = sourcecode.c.h; fileEncoding = 30; name = ofxToggle.h; path = ../../../../../SDKs/OpenFrameworks/of_v0.9.3_osx_release/addons/ofxGui/src/ofxToggle.h; sourceTree = SOURCE_ROOT; };
		A717F4C21F35EDC6C386C6C2 /* ofxToggle.cpp */ = {isa = PBXFileReference; explicitFileType = sourcecode.cpp.cpp; fileEncoding = 30; name = ofxToggle.cpp; path = ../../../../../SDKs/OpenFrameworks/of_v0.9.3_osx_release/addons/ofxGui/src/ofxToggle.cpp; sourceTree = SOURCE_ROOT; };
		AA1BE91A8A1B43BB461C24E6 /* libfreenect_registration.h */ = {isa = PBXFileReference; explicitFileType = sourcecode.c.h; fileEncoding = 30; name = libfreenect_registration.h; path = ../../../../../SDKs/OpenFrameworks/of_v0.9.3_osx_release/addons/ofxKinect/libs/libfreenect/include/libfreenect_registration.h; sourceTree = SOURCE_ROOT; };
		B6C264CE734C0D6C9DFC8009 /* ofxGuiGroup.h */ = {isa = PBXFileReference; explicitFileType = sourcecode.c.h; fileEncoding = 30; name = ofxGuiGroup.h; path = ../../../../../SDKs/OpenFrameworks/of_v0.9.3_osx_release/addons/ofxGui/src/ofxGuiGroup.h; sourceTree = SOURCE_ROOT; };
		B89DB0E3967911E48302DB2C /* ofxBaseGui.cpp */ = {isa = PBXFileReference; explicitFileType = sourcecode.cpp.cpp; fileEncoding = 30; name = ofxBaseGui.cpp; path = ../../../../../SDKs/OpenFrameworks/of_v0.9.3_osx_release/addons/ofxGui/src/ofxBaseGui.cpp; sourceTree = SOURCE_ROOT; };
		BCA4BE6BBE4389E0D053A560 /* cameras.c */ = {isa = PBXFileReference; explicitFileType = sourcecode.c.c; fileEncoding = 30; name = cameras.c; path = ../../../../../SDKs/OpenFrameworks/of_v0.9.3_osx_release/addons/ofxKinect/libs/libfreenect/src/cameras.c; sourceTree = SOURCE_ROOT; };
		BE2A0803DA932BE7AA70BCA9 /* ofxSliderGroup.cpp */ = {isa = PBXFileReference; explicitFileType = sourcecode.cpp.cpp; fileEncoding = 30; name = ofxSliderGroup.cpp; path = ../../../../../SDKs/OpenFrameworks/of_v0.9.3_osx_release/addons/ofxGui/src/ofxSliderGroup.cpp; sourceTree = SOURCE_ROOT; };
		BFCD2C57D6728F99FF97FE1A /* registration.h */ = {isa = PBXFileReference; explicitFileType = sourcecode.c.h; fileEncoding = 30; name = registration.h; path = ../../../../../SDKs/OpenFrameworks/of_v0.9.3_osx_release/addons/ofxKinect/libs/libfreenect/src/registration.h; sourceTree = SOURCE_ROOT; };
		C15B611990FD0EE8056893A3 /* ofxPanel.h */ = {isa = PBXFileReference; explicitFileType = sourcecode.c.h; fileEncoding = 30; name = ofxPanel.h; path = ../../../../../SDKs/OpenFrameworks/of_v0.9.3_osx_release/addons/ofxGui/src/ofxPanel.h; sourceTree = SOURCE_ROOT; };
		C18B754311690AC8B880D19E /* loader.c */ = {isa = PBXFileReference; explicitFileType = sourcecode.c.c; fileEncoding = 30; name = loader.c; path = ../../../../../SDKs/OpenFrameworks/of_v0.9.3_osx_release/addons/ofxKinect/libs/libfreenect/src/loader.c; sourceTree = SOURCE_ROOT; };
		CA796E89DEC0AF717C32D1A4 /* ofxBaseGui.h */ = {isa = PBXFileReference; explicitFileType = sourcecode.c.h; fileEncoding = 30; name = ofxBaseGui.h; path = ../../../../../SDKs/OpenFrameworks/of_v0.9.3_osx_release/addons/ofxGui/src/ofxBaseGui.h; sourceTree = SOURCE_ROOT; };
		CAFDC19B1E0D61FB2B2D6EC9 /* ofxSliderGroup.h */ = {isa = PBXFileReference; explicitFileType = sourcecode.c.h; fileEncoding = 30; name = ofxSliderGroup.h; path = ../../../../../SDKs/OpenFrameworks/of_v0.9.3_osx_release/addons/ofxGui/src/ofxSliderGroup.h; sourceTree = SOURCE_ROOT; };
		CC126A92E5EB91BA2777F87A /* ofxKinectExtras.cpp */ = {isa = PBXFileReference; explicitFileType = sourcecode.cpp.cpp; fileEncoding = 30; name = ofxKinectExtras.cpp; path = ../../../../../SDKs/OpenFrameworks/of_v0.9.3_osx_release/addons/ofxKinect/src/extra/ofxKinectExtras.cpp; sourceTree = SOURCE_ROOT; };
		CC367E6DFC0BF155304405F8 /* ofxXmlSettings.cpp */ = {isa = PBXFileReference; explicitFileType = sourcecode.cpp.cpp; fileEncoding = 30; name = ofxXmlSettings.cpp; path = ../../../../../SDKs/OpenFrameworks/of_v0.9.3_osx_release/addons/ofxXmlSettings/src/ofxXmlSettings.cpp; sourceTree = SOURCE_ROOT; };
		D0B78B5116BB81344377FA78 /* ofxLabel.cpp */ = {isa = PBXFileReference; explicitFileType = sourcecode.cpp.cpp; fileEncoding = 30; name = ofxLabel.cpp; path = ../../../../../SDKs/OpenFrameworks/of_v0.9.3_osx_release/addons/ofxGui/src/ofxLabel.cpp; sourceTree = SOURCE_ROOT; };
		DD79748080861AD6595299BD /* core.c */ = {isa = PBXFileReference; explicitFileType = sourcecode.c.c; fileEncoding = 30; name = core.c; path = ../../../../../SDKs/OpenFrameworks/of_v0.9.3_osx_release/addons/ofxKinect/libs/libfreenect/src/core.c; sourceTree = SOURCE_ROOT; };
		E291EBE847AB22DB75C2BBC5 /* usb_libusb10.h */ = {isa = PBXFileReference; explicitFileType = sourcecode.c.h; fileEncoding = 30; name = usb_libusb10.h; path = ../../../../../SDKs/OpenFrameworks/of_v0.9.3_osx_release/addons/ofxKinect/libs/libfreenect/src/usb_libusb10.h; sourceTree = SOURCE_ROOT; };
		E4328143138ABC890047C5CB /* openFrameworksLib.xcodeproj */ = {isa = PBXFileReference; lastKnownFileType = "wrapper.pb-project"; name = openFrameworksLib.xcodeproj; path = ../../../../../SDKs/OpenFrameworks/of_v0.9.3_osx_release/libs/openFrameworksCompiled/project/osx/openFrameworksLib.xcodeproj; sourceTree = SOURCE_ROOT; };
		E4B69B5B0A3A1756003C02F2 /* ConfiguringKinectDebug.app */ = {isa = PBXFileReference; explicitFileType = wrapper.application; includeInIndex = 0; path = ConfiguringKinectDebug.app; sourceTree = BUILT_PRODUCTS_DIR; };
		E4B69E1D0A3A1BDC003C02F2 /* main.cpp */ = {isa = PBXFileReference; fileEncoding = 30; lastKnownFileType = sourcecode.cpp.cpp; name = main.cpp; path = src/main.cpp; sourceTree = SOURCE_ROOT; };
		E4B69E1E0A3A1BDC003C02F2 /* ofApp.cpp */ = {isa = PBXFileReference; explicitFileType = sourcecode.cpp.cpp; fileEncoding = 30; name = ofApp.cpp; path = src/ofApp.cpp; sourceTree = SOURCE_ROOT; };
		E4B69E1F0A3A1BDC003C02F2 /* ofApp.h */ = {isa = PBXFileReference; fileEncoding = 30; lastKnownFileType = sourcecode.c.h; name = ofApp.h; path = src/ofApp.h; sourceTree = SOURCE_ROOT; };
		E4B6FCAD0C3E899E008CF71C /* openFrameworks-Info.plist */ = {isa = PBXFileReference; fileEncoding = 30; lastKnownFileType = text.plist.xml; path = "openFrameworks-Info.plist"; sourceTree = "<group>"; };
		E4EB691F138AFCF100A09F29 /* CoreOF.xcconfig */ = {isa = PBXFileReference; fileEncoding = 4; lastKnownFileType = text.xcconfig; name = CoreOF.xcconfig; path = ../../../../../SDKs/OpenFrameworks/of_v0.9.3_osx_release/libs/openFrameworksCompiled/project/osx/CoreOF.xcconfig; sourceTree = SOURCE_ROOT; };
		E4EB6923138AFD0F00A09F29 /* Project.xcconfig */ = {isa = PBXFileReference; fileEncoding = 4; lastKnownFileType = text.xcconfig; path = Project.xcconfig; sourceTree = "<group>"; };
		E6E3D5D48D5E892ECF99E4E7 /* ofxXmlSettings.h */ = {isa = PBXFileReference; explicitFileType = sourcecode.c.h; fileEncoding = 30; name = ofxXmlSettings.h; path = ../../../../../SDKs/OpenFrameworks/of_v0.9.3_osx_release/addons/ofxXmlSettings/src/ofxXmlSettings.h; sourceTree = SOURCE_ROOT; };
		F21012E9FAB0A275BF9918D9 /* ofxKinect.cpp */ = {isa = PBXFileReference; explicitFileType = sourcecode.cpp.cpp; fileEncoding = 30; name = ofxKinect.cpp; path = ../../../../../SDKs/OpenFrameworks/of_v0.9.3_osx_release/addons/ofxKinect/src/ofxKinect.cpp; sourceTree = SOURCE_ROOT; };
		F314D4362268CA839D7618B2 /* ofxLabel.h */ = {isa = PBXFileReference; explicitFileType = sourcecode.c.h; fileEncoding = 30; name = ofxLabel.h; path = ../../../../../SDKs/OpenFrameworks/of_v0.9.3_osx_release/addons/ofxGui/src/ofxLabel.h; sourceTree = SOURCE_ROOT; };
		F3AC6E696DFA0869CE556533 /* libfreenect_audio.h */ = {isa = PBXFileReference; explicitFileType = sourcecode.c.h; fileEncoding = 30; name = libfreenect_audio.h; path = ../../../../../SDKs/OpenFrameworks/of_v0.9.3_osx_release/addons/ofxKinect/libs/libfreenect/include/libfreenect_audio.h; sourceTree = SOURCE_ROOT; };
		F40A14631BC79D16BFBAF7A7 /* ofxPanel.cpp */ = {isa = PBXFileReference; explicitFileType = sourcecode.cpp.cpp; fileEncoding = 30; name = ofxPanel.cpp; path = ../../../../../SDKs/OpenFrameworks/of_v0.9.3_osx_release/addons/ofxGui/src/ofxPanel.cpp; sourceTree = SOURCE_ROOT; };
		FBBBCB31CFEEDBDDED9C01BB /* freenect_internal.h */ = {isa = PBXFileReference; explicitFileType = sourcecode.c.h; fileEncoding = 30; name = freenect_internal.h; path = ../../../../../SDKs/OpenFrameworks/of_v0.9.3_osx_release/addons/ofxKinect/libs/libfreenect/src/freenect_internal.h; sourceTree = SOURCE_ROOT; };
		FC11B6D0C37A57548131BB4A /* ofxGui.h */ = {isa = PBXFileReference; explicitFileType = sourcecode.c.h; fileEncoding = 30; name = ofxGui.h; path = ../../../../../SDKs/OpenFrameworks/of_v0.9.3_osx_release/addons/ofxGui/src/ofxGui.h; sourceTree = SOURCE_ROOT; };
		FF28039F5A476670596485B4 /* cameras.h */ = {isa = PBXFileReference; explicitFileType = sourcecode.c.h; fileEncoding = 30; name = cameras.h; path = ../../../../../SDKs/OpenFrameworks/of_v0.9.3_osx_release/addons/ofxKinect/libs/libfreenect/src/cameras.h; sourceTree = SOURCE_ROOT; };
/* End PBXFileReference section */

/* Begin PBXFrameworksBuildPhase section */
		E4B69B590A3A1756003C02F2 /* Frameworks */ = {
			isa = PBXFrameworksBuildPhase;
			buildActionMask = 2147483647;
			files = (
				E4328149138ABC9F0047C5CB /* openFrameworksDebug.a in Frameworks */,
			);
			runOnlyForDeploymentPostprocessing = 0;
		};
/* End PBXFrameworksBuildPhase section */

/* Begin PBXGroup section */
		1AE6862ED862CA18468E0CCD /* include */ = {
			isa = PBXGroup;
			children = (
				2C171637C399A50881F147E9 /* libusb-1.0 */,
			);
			name = include;
			sourceTree = "<group>";
		};
		1F4FB5C423662B96ADFDCC0B /* ofxXmlSettings */ = {
			isa = PBXGroup;
			children = (
				6ECEF0D76BC33727823EADFF /* src */,
				6E54289412D2D94F45A05113 /* libs */,
			);
			name = ofxXmlSettings;
			sourceTree = "<group>";
		};
		2C171637C399A50881F147E9 /* libusb-1.0 */ = {
			isa = PBXGroup;
			children = (
				7FD804161D5EB0C064543587 /* libusb.h */,
			);
			name = "libusb-1.0";
			sourceTree = "<group>";
		};
		32687044708CDA9EDA265387 /* libfreenect */ = {
			isa = PBXGroup;
			children = (
				6DFA2B327764FCDA2A8D882F /* include */,
				ED6E9BDB447DB965EE6F1FA6 /* src */,
			);
			name = libfreenect;
			sourceTree = "<group>";
		};
		480A780D8D0308AE4A368801 /* ofxGui */ = {
			isa = PBXGroup;
			children = (
				A763ED608B35AE3310251DEE /* src */,
			);
			name = ofxGui;
			sourceTree = "<group>";
		};
		65726280742CD54BF368BDB8 /* libusb-1.0 */ = {
			isa = PBXGroup;
			children = (
				1AE6862ED862CA18468E0CCD /* include */,
			);
			name = "libusb-1.0";
			sourceTree = "<group>";
		};
		6948EE371B920CB800B5AC1A /* local_addons */ = {
			isa = PBXGroup;
			children = (
			);
			name = local_addons;
			sourceTree = "<group>";
		};
		6DFA2B327764FCDA2A8D882F /* include */ = {
			isa = PBXGroup;
			children = (
				8431C2859BE354454EE99434 /* libfreenect.h */,
				F3AC6E696DFA0869CE556533 /* libfreenect_audio.h */,
				AA1BE91A8A1B43BB461C24E6 /* libfreenect_registration.h */,
			);
			name = include;
			sourceTree = "<group>";
		};
		6E54289412D2D94F45A05113 /* libs */ = {
			isa = PBXGroup;
			children = (
				51839E9A3E1C89965EE1BA0D /* tinyxml.cpp */,
				616CFAF3E4B9338D7863DFBF /* tinyxml.h */,
				1121C174CFF5FABA6A83D89C /* tinyxmlerror.cpp */,
				042E7BAEFE245533B5D2DF5D /* tinyxmlparser.cpp */,
			);
			name = libs;
			sourceTree = "<group>";
		};
		6E7134DE536888BE82D56327 /* extra */ = {
			isa = PBXGroup;
			children = (
				CC126A92E5EB91BA2777F87A /* ofxKinectExtras.cpp */,
				235728FD27C60A6843259368 /* ofxKinectExtras.h */,
			);
			name = extra;
			sourceTree = "<group>";
		};
		6ECEF0D76BC33727823EADFF /* src */ = {
			isa = PBXGroup;
			children = (
				CC367E6DFC0BF155304405F8 /* ofxXmlSettings.cpp */,
				E6E3D5D48D5E892ECF99E4E7 /* ofxXmlSettings.h */,
			);
			name = src;
			sourceTree = "<group>";
		};
		9683228C705CA3FF4F2EA945 /* ofxKinect */ = {
			isa = PBXGroup;
			children = (
				F3D2DB7201EFA9F7958F421E /* src */,
				F4101FC676C210E28DCB3220 /* libs */,
			);
			name = ofxKinect;
			sourceTree = "<group>";
		};
		A763ED608B35AE3310251DEE /* src */ = {
			isa = PBXGroup;
			children = (
				B89DB0E3967911E48302DB2C /* ofxBaseGui.cpp */,
				CA796E89DEC0AF717C32D1A4 /* ofxBaseGui.h */,
				26AACE7F779DC2F1FDED3F5C /* ofxButton.cpp */,
				29E820FB6C778EFBB3CAEBD2 /* ofxButton.h */,
				FC11B6D0C37A57548131BB4A /* ofxGui.h */,
				90D2386F67C5E2CFE7D7C9C6 /* ofxGuiGroup.cpp */,
				B6C264CE734C0D6C9DFC8009 /* ofxGuiGroup.h */,
				D0B78B5116BB81344377FA78 /* ofxLabel.cpp */,
				F314D4362268CA839D7618B2 /* ofxLabel.h */,
				F40A14631BC79D16BFBAF7A7 /* ofxPanel.cpp */,
				C15B611990FD0EE8056893A3 /* ofxPanel.h */,
				6203E677A9BADD0136CCEC50 /* ofxSlider.cpp */,
				1EE0F4116C038508386F6D56 /* ofxSlider.h */,
				BE2A0803DA932BE7AA70BCA9 /* ofxSliderGroup.cpp */,
				CAFDC19B1E0D61FB2B2D6EC9 /* ofxSliderGroup.h */,
				A717F4C21F35EDC6C386C6C2 /* ofxToggle.cpp */,
				A2944CDD4D8F16A9471EC592 /* ofxToggle.h */,
			);
			name = src;
			sourceTree = "<group>";
		};
		BB4B014C10F69532006C3DED /* addons */ = {
			isa = PBXGroup;
			children = (
				480A780D8D0308AE4A368801 /* ofxGui */,
				9683228C705CA3FF4F2EA945 /* ofxKinect */,
				1F4FB5C423662B96ADFDCC0B /* ofxXmlSettings */,
			);
			name = addons;
			sourceTree = "<group>";
		};
		E4328144138ABC890047C5CB /* Products */ = {
			isa = PBXGroup;
			children = (
				E4328148138ABC890047C5CB /* openFrameworksDebug.a */,
			);
			name = Products;
			sourceTree = "<group>";
		};
		E4B69B4A0A3A1720003C02F2 = {
			isa = PBXGroup;
			children = (
				E4B6FCAD0C3E899E008CF71C /* openFrameworks-Info.plist */,
				E4EB6923138AFD0F00A09F29 /* Project.xcconfig */,
				E4B69E1C0A3A1BDC003C02F2 /* src */,
				E4EEC9E9138DF44700A80321 /* openFrameworks */,
				BB4B014C10F69532006C3DED /* addons */,
				6948EE371B920CB800B5AC1A /* local_addons */,
				E4B69B5B0A3A1756003C02F2 /* ConfiguringKinectDebug.app */,
			);
			sourceTree = "<group>";
		};
		E4B69E1C0A3A1BDC003C02F2 /* src */ = {
			isa = PBXGroup;
			children = (
				231F792E1D5254E6004B93D1 /* VectorField.cpp */,
				231F792F1D5254E6004B93D1 /* VectorField.h */,
				E4B69E1D0A3A1BDC003C02F2 /* main.cpp */,
				E4B69E1E0A3A1BDC003C02F2 /* ofApp.cpp */,
				E4B69E1F0A3A1BDC003C02F2 /* ofApp.h */,
			);
			path = src;
			sourceTree = SOURCE_ROOT;
		};
		E4EEC9E9138DF44700A80321 /* openFrameworks */ = {
			isa = PBXGroup;
			children = (
				E4EB691F138AFCF100A09F29 /* CoreOF.xcconfig */,
				E4328143138ABC890047C5CB /* openFrameworksLib.xcodeproj */,
			);
			name = openFrameworks;
			sourceTree = "<group>";
		};
		ED6E9BDB447DB965EE6F1FA6 /* src */ = {
			isa = PBXGroup;
			children = (
				1A0D89BCA6A3435B6A7F96B8 /* audio.c */,
				BCA4BE6BBE4389E0D053A560 /* cameras.c */,
				FF28039F5A476670596485B4 /* cameras.h */,
				DD79748080861AD6595299BD /* core.c */,
				57173E5CB92259758F175E50 /* flags.c */,
				05E69975E22624C90C267AC0 /* flags.h */,
				FBBBCB31CFEEDBDDED9C01BB /* freenect_internal.h */,
				0A381023623A63B3B394F488 /* keep_alive.c */,
				93F3A3BA8E4BD584C000C979 /* keep_alive.h */,
				C18B754311690AC8B880D19E /* loader.c */,
				851939EFDB6FA310E900783B /* loader.h */,
				6EC05C985757DBB530108A40 /* registration.c */,
				BFCD2C57D6728F99FF97FE1A /* registration.h */,
				3E046151F88F8F0971C65CCF /* tilt.c */,
				05EF8A34D5CC109984D6DAD1 /* usb_libusb10.c */,
				E291EBE847AB22DB75C2BBC5 /* usb_libusb10.h */,
			);
			name = src;
			sourceTree = "<group>";
		};
		F3D2DB7201EFA9F7958F421E /* src */ = {
			isa = PBXGroup;
			children = (
				6E7134DE536888BE82D56327 /* extra */,
				19D6ADA444C04CB9BF046B33 /* ofxBase3DVideo.h */,
				F21012E9FAB0A275BF9918D9 /* ofxKinect.cpp */,
				1268DE05FD903464EEB90767 /* ofxKinect.h */,
			);
			name = src;
			sourceTree = "<group>";
		};
		F4101FC676C210E28DCB3220 /* libs */ = {
			isa = PBXGroup;
			children = (
				32687044708CDA9EDA265387 /* libfreenect */,
				65726280742CD54BF368BDB8 /* libusb-1.0 */,
			);
			name = libs;
			sourceTree = "<group>";
		};
/* End PBXGroup section */

/* Begin PBXNativeTarget section */
		E4B69B5A0A3A1756003C02F2 /* ConfiguringKinect */ = {
			isa = PBXNativeTarget;
			buildConfigurationList = E4B69B5F0A3A1757003C02F2 /* Build configuration list for PBXNativeTarget "ConfiguringKinect" */;
			buildPhases = (
				E4B69B580A3A1756003C02F2 /* Sources */,
				E4B69B590A3A1756003C02F2 /* Frameworks */,
				E4B6FFFD0C3F9AB9008CF71C /* ShellScript */,
				E4C2427710CC5ABF004149E2 /* CopyFiles */,
			);
			buildRules = (
			);
			dependencies = (
				E4EEB9AC138B136A00A80321 /* PBXTargetDependency */,
			);
			name = ConfiguringKinect;
			productName = myOFApp;
			productReference = E4B69B5B0A3A1756003C02F2 /* ConfiguringKinectDebug.app */;
			productType = "com.apple.product-type.application";
		};
/* End PBXNativeTarget section */

/* Begin PBXProject section */
		E4B69B4C0A3A1720003C02F2 /* Project object */ = {
			isa = PBXProject;
			attributes = {
				LastUpgradeCheck = 0600;
			};
			buildConfigurationList = E4B69B4D0A3A1720003C02F2 /* Build configuration list for PBXProject "ConfiguringKinect" */;
			compatibilityVersion = "Xcode 3.2";
			developmentRegion = English;
			hasScannedForEncodings = 0;
			knownRegions = (
				English,
				Japanese,
				French,
				German,
			);
			mainGroup = E4B69B4A0A3A1720003C02F2;
			productRefGroup = E4B69B4A0A3A1720003C02F2;
			projectDirPath = "";
			projectReferences = (
				{
					ProductGroup = E4328144138ABC890047C5CB /* Products */;
					ProjectRef = E4328143138ABC890047C5CB /* openFrameworksLib.xcodeproj */;
				},
			);
			projectRoot = "";
			targets = (
				E4B69B5A0A3A1756003C02F2 /* ConfiguringKinect */,
			);
		};
/* End PBXProject section */

/* Begin PBXReferenceProxy section */
		E4328148138ABC890047C5CB /* openFrameworksDebug.a */ = {
			isa = PBXReferenceProxy;
			fileType = archive.ar;
			path = openFrameworksDebug.a;
			remoteRef = E4328147138ABC890047C5CB /* PBXContainerItemProxy */;
			sourceTree = BUILT_PRODUCTS_DIR;
		};
/* End PBXReferenceProxy section */

/* Begin PBXShellScriptBuildPhase section */
		E4B6FFFD0C3F9AB9008CF71C /* ShellScript */ = {
			isa = PBXShellScriptBuildPhase;
			buildActionMask = 2147483647;
			files = (
			);
			inputPaths = (
			);
			outputPaths = (
			);
			runOnlyForDeploymentPostprocessing = 0;
			shellPath = /bin/sh;
			shellScript = "mkdir -p \"$TARGET_BUILD_DIR/$PRODUCT_NAME.app/Contents/Resources/\"\n# Copy default icon file into App/Resources\nrsync -aved \"$ICON_FILE\" \"$TARGET_BUILD_DIR/$PRODUCT_NAME.app/Contents/Resources/\"\n# Copy libfmod and change install directory for fmod to run\nrsync -aved ../../../../../SDKs/OpenFrameworks/of_v0.9.3_osx_release/libs/fmodex/lib/osx/libfmodex.dylib \"$TARGET_BUILD_DIR/$PRODUCT_NAME.app/Contents/Frameworks/\";\ninstall_name_tool -change @executable_path/libfmodex.dylib @executable_path/../Frameworks/libfmodex.dylib \"$TARGET_BUILD_DIR/$PRODUCT_NAME.app/Contents/MacOS/$PRODUCT_NAME\";\n# Copy GLUT framework (must remove for AppStore submissions)\nrsync -aved ../../../../../SDKs/OpenFrameworks/of_v0.9.3_osx_release/libs/glut/lib/osx/GLUT.framework \"$TARGET_BUILD_DIR/$PRODUCT_NAME.app/Contents/Frameworks/\"\n";
		};
/* End PBXShellScriptBuildPhase section */

/* Begin PBXSourcesBuildPhase section */
		E4B69B580A3A1756003C02F2 /* Sources */ = {
			isa = PBXSourcesBuildPhase;
			buildActionMask = 2147483647;
			files = (
				E4B69E200A3A1BDC003C02F2 /* main.cpp in Sources */,
				E4B69E210A3A1BDC003C02F2 /* ofApp.cpp in Sources */,
				E1F5F00119C8BAC89AB67F2E /* ofxBaseGui.cpp in Sources */,
				4C9BF2194C7058666267F94B /* ofxButton.cpp in Sources */,
				63808CCE28DB27D4E4DAF608 /* ofxGuiGroup.cpp in Sources */,
				81A93CFC3B78938B49F8FCDD /* ofxLabel.cpp in Sources */,
				3347EC082A786BC3C71B8914 /* ofxPanel.cpp in Sources */,
				231F79301D5254E6004B93D1 /* VectorField.cpp in Sources */,
				3A96CFBECE8DC2A1CDF660B6 /* ofxSlider.cpp in Sources */,
				F29DF2EA319A030E35662DBC /* ofxSliderGroup.cpp in Sources */,
				FA37313B246069ABD1092BAF /* ofxToggle.cpp in Sources */,
				759B42FD22B9E392E86B79AE /* ofxKinectExtras.cpp in Sources */,
				8C0EF5F8A32CC53BBD85E849 /* ofxKinect.cpp in Sources */,
				45C57283EFB0E2C1A37DC6FB /* audio.c in Sources */,
				E7EB86A28F88C0F4CD09934C /* cameras.c in Sources */,
				F4D768F7BF693220C54034A2 /* core.c in Sources */,
				449B744306EB1D42504EB312 /* flags.c in Sources */,
				6D834AEBEE5C9BA1052C1D0A /* keep_alive.c in Sources */,
				A3F036A44691D8F76DFAD166 /* loader.c in Sources */,
				A9CFB4666858C8FB356A0951 /* registration.c in Sources */,
				674EFCF99F87F5164B3AAB7D /* tilt.c in Sources */,
				FC8B11FF5A4E78A948807D80 /* usb_libusb10.c in Sources */,
				5EA8E029A1166361B9A9F500 /* ofxXmlSettings.cpp in Sources */,
				A3BD760AC4DC3A47B58EE657 /* tinyxml.cpp in Sources */,
				FFD0C090E54929C77E78A0BB /* tinyxmlerror.cpp in Sources */,
				AFA21A9692F51ECA84818F23 /* tinyxmlparser.cpp in Sources */,
			);
			runOnlyForDeploymentPostprocessing = 0;
		};
/* End PBXSourcesBuildPhase section */

/* Begin PBXTargetDependency section */
		E4EEB9AC138B136A00A80321 /* PBXTargetDependency */ = {
			isa = PBXTargetDependency;
			name = openFrameworks;
			targetProxy = E4EEB9AB138B136A00A80321 /* PBXContainerItemProxy */;
		};
/* End PBXTargetDependency section */

/* Begin XCBuildConfiguration section */
		E4B69B4E0A3A1720003C02F2 /* Debug */ = {
			isa = XCBuildConfiguration;
			baseConfigurationReference = E4EB6923138AFD0F00A09F29 /* Project.xcconfig */;
			buildSettings = {
				CONFIGURATION_BUILD_DIR = "$(SRCROOT)/bin/";
				COPY_PHASE_STRIP = NO;
				DEAD_CODE_STRIPPING = YES;
				GCC_AUTO_VECTORIZATION = YES;
				GCC_ENABLE_SSE3_EXTENSIONS = YES;
				GCC_ENABLE_SUPPLEMENTAL_SSE3_INSTRUCTIONS = YES;
				GCC_INLINES_ARE_PRIVATE_EXTERN = NO;
				GCC_OPTIMIZATION_LEVEL = 0;
				GCC_SYMBOLS_PRIVATE_EXTERN = NO;
				GCC_WARN_ABOUT_DEPRECATED_FUNCTIONS = YES;
				GCC_WARN_ABOUT_INVALID_OFFSETOF_MACRO = NO;
				GCC_WARN_ALLOW_INCOMPLETE_PROTOCOL = NO;
				GCC_WARN_UNINITIALIZED_AUTOS = NO;
				GCC_WARN_UNUSED_VALUE = NO;
				GCC_WARN_UNUSED_VARIABLE = NO;
				HEADER_SEARCH_PATHS = (
					"$(OF_CORE_HEADERS)",
					src,
					../../../../../SDKs/OpenFrameworks/of_v0.9.3_osx_release/addons/ofxGui/src,
					../../../../../SDKs/OpenFrameworks/of_v0.9.3_osx_release/addons/ofxKinect/libs,
					../../../../../SDKs/OpenFrameworks/of_v0.9.3_osx_release/addons/ofxKinect/libs/libfreenect,
					../../../../../SDKs/OpenFrameworks/of_v0.9.3_osx_release/addons/ofxKinect/libs/libfreenect/include,
					../../../../../SDKs/OpenFrameworks/of_v0.9.3_osx_release/addons/ofxKinect/libs/libfreenect/platform,
					../../../../../SDKs/OpenFrameworks/of_v0.9.3_osx_release/addons/ofxKinect/libs/libfreenect/src,
					"../../../../../SDKs/OpenFrameworks/of_v0.9.3_osx_release/addons/ofxKinect/libs/libusb-1.0",
					"../../../../../SDKs/OpenFrameworks/of_v0.9.3_osx_release/addons/ofxKinect/libs/libusb-1.0/include",
					"../../../../../SDKs/OpenFrameworks/of_v0.9.3_osx_release/addons/ofxKinect/libs/libusb-1.0/include/libusb-1.0",
					"../../../../../SDKs/OpenFrameworks/of_v0.9.3_osx_release/addons/ofxKinect/libs/libusb-1.0/lib",
					"../../../../../SDKs/OpenFrameworks/of_v0.9.3_osx_release/addons/ofxKinect/libs/libusb-1.0/lib/osx",
					"../../../../../SDKs/OpenFrameworks/of_v0.9.3_osx_release/addons/ofxKinect/libs/libusb-win32",
					../../../../../SDKs/OpenFrameworks/of_v0.9.3_osx_release/addons/ofxKinect/src,
					../../../../../SDKs/OpenFrameworks/of_v0.9.3_osx_release/addons/ofxKinect/src/extra,
					../../../../../SDKs/OpenFrameworks/of_v0.9.3_osx_release/addons/ofxXmlSettings/libs,
					../../../../../SDKs/OpenFrameworks/of_v0.9.3_osx_release/addons/ofxXmlSettings/src,
				);
				MACOSX_DEPLOYMENT_TARGET = 10.8;
				ONLY_ACTIVE_ARCH = YES;
				OTHER_CPLUSPLUSFLAGS = (
					"-D__MACOSX_CORE__",
					"-mtune=native",
				);
				OTHER_LDFLAGS = (
					"$(OF_CORE_FRAMEWORKS)",
					"$(OF_CORE_LIBS)",
					"../../../../../SDKs/OpenFrameworks/of_v0.9.3_osx_release/addons/ofxKinect/libs/libusb-1.0/lib/osx/usb-1.0.a",
				);
				SDKROOT = macosx;
			};
			name = Debug;
		};
		E4B69B4F0A3A1720003C02F2 /* Release */ = {
			isa = XCBuildConfiguration;
			baseConfigurationReference = E4EB6923138AFD0F00A09F29 /* Project.xcconfig */;
			buildSettings = {
				CONFIGURATION_BUILD_DIR = "$(SRCROOT)/bin/";
				COPY_PHASE_STRIP = YES;
				DEAD_CODE_STRIPPING = YES;
				GCC_AUTO_VECTORIZATION = YES;
				GCC_ENABLE_SSE3_EXTENSIONS = YES;
				GCC_ENABLE_SUPPLEMENTAL_SSE3_INSTRUCTIONS = YES;
				GCC_INLINES_ARE_PRIVATE_EXTERN = NO;
				GCC_OPTIMIZATION_LEVEL = 3;
				GCC_SYMBOLS_PRIVATE_EXTERN = NO;
				GCC_UNROLL_LOOPS = YES;
				GCC_WARN_ABOUT_DEPRECATED_FUNCTIONS = YES;
				GCC_WARN_ABOUT_INVALID_OFFSETOF_MACRO = NO;
				GCC_WARN_ALLOW_INCOMPLETE_PROTOCOL = NO;
				GCC_WARN_UNINITIALIZED_AUTOS = NO;
				GCC_WARN_UNUSED_VALUE = NO;
				GCC_WARN_UNUSED_VARIABLE = NO;
				HEADER_SEARCH_PATHS = (
					"$(OF_CORE_HEADERS)",
					src,
					../../../../../SDKs/OpenFrameworks/of_v0.9.3_osx_release/addons/ofxGui/src,
					../../../../../SDKs/OpenFrameworks/of_v0.9.3_osx_release/addons/ofxKinect/libs,
					../../../../../SDKs/OpenFrameworks/of_v0.9.3_osx_release/addons/ofxKinect/libs/libfreenect,
					../../../../../SDKs/OpenFrameworks/of_v0.9.3_osx_release/addons/ofxKinect/libs/libfreenect/include,
					../../../../../SDKs/OpenFrameworks/of_v0.9.3_osx_release/addons/ofxKinect/libs/libfreenect/platform,
					../../../../../SDKs/OpenFrameworks/of_v0.9.3_osx_release/addons/ofxKinect/libs/libfreenect/src,
					"../../../../../SDKs/OpenFrameworks/of_v0.9.3_osx_release/addons/ofxKinect/libs/libusb-1.0",
					"../../../../../SDKs/OpenFrameworks/of_v0.9.3_osx_release/addons/ofxKinect/libs/libusb-1.0/include",
					"../../../../../SDKs/OpenFrameworks/of_v0.9.3_osx_release/addons/ofxKinect/libs/libusb-1.0/include/libusb-1.0",
					"../../../../../SDKs/OpenFrameworks/of_v0.9.3_osx_release/addons/ofxKinect/libs/libusb-1.0/lib",
					"../../../../../SDKs/OpenFrameworks/of_v0.9.3_osx_release/addons/ofxKinect/libs/libusb-1.0/lib/osx",
					"../../../../../SDKs/OpenFrameworks/of_v0.9.3_osx_release/addons/ofxKinect/libs/libusb-win32",
					../../../../../SDKs/OpenFrameworks/of_v0.9.3_osx_release/addons/ofxKinect/src,
					../../../../../SDKs/OpenFrameworks/of_v0.9.3_osx_release/addons/ofxKinect/src/extra,
					../../../../../SDKs/OpenFrameworks/of_v0.9.3_osx_release/addons/ofxXmlSettings/libs,
					../../../../../SDKs/OpenFrameworks/of_v0.9.3_osx_release/addons/ofxXmlSettings/src,
				);
				MACOSX_DEPLOYMENT_TARGET = 10.8;
				OTHER_CPLUSPLUSFLAGS = (
					"-D__MACOSX_CORE__",
					"-mtune=native",
				);
				OTHER_LDFLAGS = (
					"$(OF_CORE_FRAMEWORKS)",
					"$(OF_CORE_LIBS)",
					"../../../../../SDKs/OpenFrameworks/of_v0.9.3_osx_release/addons/ofxKinect/libs/libusb-1.0/lib/osx/usb-1.0.a",
				);
				SDKROOT = macosx;
			};
			name = Release;
		};
		E4B69B600A3A1757003C02F2 /* Debug */ = {
			isa = XCBuildConfiguration;
			baseConfigurationReference = E4EB6923138AFD0F00A09F29 /* Project.xcconfig */;
			buildSettings = {
				COMBINE_HIDPI_IMAGES = YES;
				COPY_PHASE_STRIP = NO;
				FRAMEWORK_SEARCH_PATHS = (
					"$(inherited)",
					"$(FRAMEWORK_SEARCH_PATHS_QUOTED_FOR_TARGET_1)",
				);
				FRAMEWORK_SEARCH_PATHS_QUOTED_FOR_TARGET_1 = "\"$(SRCROOT)/../../../../../SDKs/OpenFrameworks/of_v0.9.3_osx_release/libs/glut/lib/osx\"";
				GCC_DYNAMIC_NO_PIC = NO;
				GCC_GENERATE_DEBUGGING_SYMBOLS = YES;
				GCC_MODEL_TUNING = NONE;
				HEADER_SEARCH_PATHS = (
					"$(OF_CORE_HEADERS)",
					src,
					../../../../../SDKs/OpenFrameworks/of_v0.9.3_osx_release/addons/ofxGui/src,
					../../../../../SDKs/OpenFrameworks/of_v0.9.3_osx_release/addons/ofxKinect/libs,
					../../../../../SDKs/OpenFrameworks/of_v0.9.3_osx_release/addons/ofxKinect/libs/libfreenect,
					../../../../../SDKs/OpenFrameworks/of_v0.9.3_osx_release/addons/ofxKinect/libs/libfreenect/include,
					../../../../../SDKs/OpenFrameworks/of_v0.9.3_osx_release/addons/ofxKinect/libs/libfreenect/platform,
					../../../../../SDKs/OpenFrameworks/of_v0.9.3_osx_release/addons/ofxKinect/libs/libfreenect/src,
					"../../../../../SDKs/OpenFrameworks/of_v0.9.3_osx_release/addons/ofxKinect/libs/libusb-1.0",
					"../../../../../SDKs/OpenFrameworks/of_v0.9.3_osx_release/addons/ofxKinect/libs/libusb-1.0/include",
					"../../../../../SDKs/OpenFrameworks/of_v0.9.3_osx_release/addons/ofxKinect/libs/libusb-1.0/include/libusb-1.0",
					"../../../../../SDKs/OpenFrameworks/of_v0.9.3_osx_release/addons/ofxKinect/libs/libusb-1.0/lib",
					"../../../../../SDKs/OpenFrameworks/of_v0.9.3_osx_release/addons/ofxKinect/libs/libusb-1.0/lib/osx",
					"../../../../../SDKs/OpenFrameworks/of_v0.9.3_osx_release/addons/ofxKinect/libs/libusb-win32",
					../../../../../SDKs/OpenFrameworks/of_v0.9.3_osx_release/addons/ofxKinect/src,
					../../../../../SDKs/OpenFrameworks/of_v0.9.3_osx_release/addons/ofxKinect/src/extra,
					../../../../../SDKs/OpenFrameworks/of_v0.9.3_osx_release/addons/ofxXmlSettings/libs,
					../../../../../SDKs/OpenFrameworks/of_v0.9.3_osx_release/addons/ofxXmlSettings/src,
				);
				ICON = "$(ICON_NAME_DEBUG)";
				ICON_FILE = "$(ICON_FILE_PATH)$(ICON)";
				INFOPLIST_FILE = "openFrameworks-Info.plist";
				INSTALL_PATH = /Applications;
				LIBRARY_SEARCH_PATHS = "$(inherited)";
				OTHER_LDFLAGS = (
					"$(OF_CORE_FRAMEWORKS)",
					"$(OF_CORE_LIBS)",
					"../../../../../SDKs/OpenFrameworks/of_v0.9.3_osx_release/addons/ofxKinect/libs/libusb-1.0/lib/osx/usb-1.0.a",
				);
				PRODUCT_NAME = "$(TARGET_NAME)Debug";
				WRAPPER_EXTENSION = app;
			};
			name = Debug;
		};
		E4B69B610A3A1757003C02F2 /* Release */ = {
			isa = XCBuildConfiguration;
			baseConfigurationReference = E4EB6923138AFD0F00A09F29 /* Project.xcconfig */;
			buildSettings = {
				COMBINE_HIDPI_IMAGES = YES;
				COPY_PHASE_STRIP = YES;
				FRAMEWORK_SEARCH_PATHS = (
					"$(inherited)",
					"$(FRAMEWORK_SEARCH_PATHS_QUOTED_FOR_TARGET_1)",
				);
				FRAMEWORK_SEARCH_PATHS_QUOTED_FOR_TARGET_1 = "\"$(SRCROOT)/../../../../../SDKs/OpenFrameworks/of_v0.9.3_osx_release/libs/glut/lib/osx\"";
				GCC_GENERATE_DEBUGGING_SYMBOLS = YES;
				GCC_MODEL_TUNING = NONE;
				HEADER_SEARCH_PATHS = (
					"$(OF_CORE_HEADERS)",
					src,
					../../../../../SDKs/OpenFrameworks/of_v0.9.3_osx_release/addons/ofxGui/src,
					../../../../../SDKs/OpenFrameworks/of_v0.9.3_osx_release/addons/ofxKinect/libs,
					../../../../../SDKs/OpenFrameworks/of_v0.9.3_osx_release/addons/ofxKinect/libs/libfreenect,
					../../../../../SDKs/OpenFrameworks/of_v0.9.3_osx_release/addons/ofxKinect/libs/libfreenect/include,
					../../../../../SDKs/OpenFrameworks/of_v0.9.3_osx_release/addons/ofxKinect/libs/libfreenect/platform,
					../../../../../SDKs/OpenFrameworks/of_v0.9.3_osx_release/addons/ofxKinect/libs/libfreenect/src,
					"../../../../../SDKs/OpenFrameworks/of_v0.9.3_osx_release/addons/ofxKinect/libs/libusb-1.0",
					"../../../../../SDKs/OpenFrameworks/of_v0.9.3_osx_release/addons/ofxKinect/libs/libusb-1.0/include",
					"../../../../../SDKs/OpenFrameworks/of_v0.9.3_osx_release/addons/ofxKinect/libs/libusb-1.0/include/libusb-1.0",
					"../../../../../SDKs/OpenFrameworks/of_v0.9.3_osx_release/addons/ofxKinect/libs/libusb-1.0/lib",
					"../../../../../SDKs/OpenFrameworks/of_v0.9.3_osx_release/addons/ofxKinect/libs/libusb-1.0/lib/osx",
					"../../../../../SDKs/OpenFrameworks/of_v0.9.3_osx_release/addons/ofxKinect/libs/libusb-win32",
					../../../../../SDKs/OpenFrameworks/of_v0.9.3_osx_release/addons/ofxKinect/src,
					../../../../../SDKs/OpenFrameworks/of_v0.9.3_osx_release/addons/ofxKinect/src/extra,
					../../../../../SDKs/OpenFrameworks/of_v0.9.3_osx_release/addons/ofxXmlSettings/libs,
					../../../../../SDKs/OpenFrameworks/of_v0.9.3_osx_release/addons/ofxXmlSettings/src,
				);
				ICON = "$(ICON_NAME_RELEASE)";
				ICON_FILE = "$(ICON_FILE_PATH)$(ICON)";
				INFOPLIST_FILE = "openFrameworks-Info.plist";
				INSTALL_PATH = /Applications;
				LIBRARY_SEARCH_PATHS = "$(inherited)";
				OTHER_LDFLAGS = (
					"$(OF_CORE_FRAMEWORKS)",
					"$(OF_CORE_LIBS)",
					"../../../../../SDKs/OpenFrameworks/of_v0.9.3_osx_release/addons/ofxKinect/libs/libusb-1.0/lib/osx/usb-1.0.a",
				);
				PRODUCT_NAME = "$(TARGET_NAME)";
				WRAPPER_EXTENSION = app;
				baseConfigurationReference = E4EB6923138AFD0F00A09F29;
			};
			name = Release;
		};
/* End XCBuildConfiguration section */

/* Begin XCConfigurationList section */
		E4B69B4D0A3A1720003C02F2 /* Build configuration list for PBXProject "ConfiguringKinect" */ = {
			isa = XCConfigurationList;
			buildConfigurations = (
				E4B69B4E0A3A1720003C02F2 /* Debug */,
				E4B69B4F0A3A1720003C02F2 /* Release */,
			);
			defaultConfigurationIsVisible = 0;
			defaultConfigurationName = Release;
		};
		E4B69B5F0A3A1757003C02F2 /* Build configuration list for PBXNativeTarget "ConfiguringKinect" */ = {
			isa = XCConfigurationList;
			buildConfigurations = (
				E4B69B600A3A1757003C02F2 /* Debug */,
				E4B69B610A3A1757003C02F2 /* Release */,
			);
			defaultConfigurationIsVisible = 0;
			defaultConfigurationName = Release;
		};
/* End XCConfigurationList section */
	};
	rootObject = E4B69B4C0A3A1720003C02F2 /* Project object */;
}
